// !$*UTF8*$!
{
	archiveVersion = 1;
	classes = {
	};
	objectVersion = 50;
	objects = {

/* Begin PBXBuildFile section */
		7A9FDA6325CBF8CD002C2233 /* AppDelegate.swift in Sources */ = {isa = PBXBuildFile; fileRef = 7A9FDA6225CBF8CD002C2233 /* AppDelegate.swift */; };
		7A9FDA6525CBF8CD002C2233 /* SceneDelegate.swift in Sources */ = {isa = PBXBuildFile; fileRef = 7A9FDA6425CBF8CD002C2233 /* SceneDelegate.swift */; };
		7A9FDA6725CBF8CD002C2233 /* ViewController.swift in Sources */ = {isa = PBXBuildFile; fileRef = 7A9FDA6625CBF8CD002C2233 /* ViewController.swift */; };
		7A9FDA6A25CBF8CD002C2233 /* Main.storyboard in Resources */ = {isa = PBXBuildFile; fileRef = 7A9FDA6825CBF8CD002C2233 /* Main.storyboard */; };
		7A9FDA6D25CBF8CD002C2233 /* MALCO.xcdatamodeld in Sources */ = {isa = PBXBuildFile; fileRef = 7A9FDA6B25CBF8CD002C2233 /* MALCO.xcdatamodeld */; };
		7A9FDA6F25CBF8CE002C2233 /* Assets.xcassets in Resources */ = {isa = PBXBuildFile; fileRef = 7A9FDA6E25CBF8CE002C2233 /* Assets.xcassets */; };
		7A9FDA7225CBF8CE002C2233 /* LaunchScreen.storyboard in Resources */ = {isa = PBXBuildFile; fileRef = 7A9FDA7025CBF8CE002C2233 /* LaunchScreen.storyboard */; };
		7A9FDA7D25CBF8CE002C2233 /* MALCOTests.swift in Sources */ = {isa = PBXBuildFile; fileRef = 7A9FDA7C25CBF8CE002C2233 /* MALCOTests.swift */; };
		7A9FDA8825CBF8CF002C2233 /* MALCOUITests.swift in Sources */ = {isa = PBXBuildFile; fileRef = 7A9FDA8725CBF8CF002C2233 /* MALCOUITests.swift */; };
/* End PBXBuildFile section */

/* Begin PBXContainerItemProxy section */
		7A9FDA7925CBF8CE002C2233 /* PBXContainerItemProxy */ = {
			isa = PBXContainerItemProxy;
			containerPortal = 7A9FDA5725CBF8CD002C2233 /* Project object */;
			proxyType = 1;
			remoteGlobalIDString = 7A9FDA5E25CBF8CD002C2233;
			remoteInfo = MALCO;
		};
		7A9FDA8425CBF8CF002C2233 /* PBXContainerItemProxy */ = {
			isa = PBXContainerItemProxy;
			containerPortal = 7A9FDA5725CBF8CD002C2233 /* Project object */;
			proxyType = 1;
			remoteGlobalIDString = 7A9FDA5E25CBF8CD002C2233;
			remoteInfo = MALCO;
		};
/* End PBXContainerItemProxy section */

/* Begin PBXFileReference section */
		7A9FDA5F25CBF8CD002C2233 /* MALCO.app */ = {isa = PBXFileReference; explicitFileType = wrapper.application; includeInIndex = 0; path = MALCO.app; sourceTree = BUILT_PRODUCTS_DIR; };
		7A9FDA6225CBF8CD002C2233 /* AppDelegate.swift */ = {isa = PBXFileReference; lastKnownFileType = sourcecode.swift; path = AppDelegate.swift; sourceTree = "<group>"; };
		7A9FDA6425CBF8CD002C2233 /* SceneDelegate.swift */ = {isa = PBXFileReference; lastKnownFileType = sourcecode.swift; path = SceneDelegate.swift; sourceTree = "<group>"; };
		7A9FDA6625CBF8CD002C2233 /* ViewController.swift */ = {isa = PBXFileReference; lastKnownFileType = sourcecode.swift; path = ViewController.swift; sourceTree = "<group>"; };
		7A9FDA6925CBF8CD002C2233 /* Base */ = {isa = PBXFileReference; lastKnownFileType = file.storyboard; name = Base; path = Base.lproj/Main.storyboard; sourceTree = "<group>"; };
		7A9FDA6C25CBF8CD002C2233 /* MALCO.xcdatamodel */ = {isa = PBXFileReference; lastKnownFileType = wrapper.xcdatamodel; path = MALCO.xcdatamodel; sourceTree = "<group>"; };
		7A9FDA6E25CBF8CE002C2233 /* Assets.xcassets */ = {isa = PBXFileReference; lastKnownFileType = folder.assetcatalog; path = Assets.xcassets; sourceTree = "<group>"; };
		7A9FDA7125CBF8CE002C2233 /* Base */ = {isa = PBXFileReference; lastKnownFileType = file.storyboard; name = Base; path = Base.lproj/LaunchScreen.storyboard; sourceTree = "<group>"; };
		7A9FDA7325CBF8CE002C2233 /* Info.plist */ = {isa = PBXFileReference; lastKnownFileType = text.plist.xml; path = Info.plist; sourceTree = "<group>"; };
		7A9FDA7825CBF8CE002C2233 /* MALCOTests.xctest */ = {isa = PBXFileReference; explicitFileType = wrapper.cfbundle; includeInIndex = 0; path = MALCOTests.xctest; sourceTree = BUILT_PRODUCTS_DIR; };
		7A9FDA7C25CBF8CE002C2233 /* MALCOTests.swift */ = {isa = PBXFileReference; lastKnownFileType = sourcecode.swift; path = MALCOTests.swift; sourceTree = "<group>"; };
		7A9FDA7E25CBF8CE002C2233 /* Info.plist */ = {isa = PBXFileReference; lastKnownFileType = text.plist.xml; path = Info.plist; sourceTree = "<group>"; };
		7A9FDA8325CBF8CF002C2233 /* MALCOUITests.xctest */ = {isa = PBXFileReference; explicitFileType = wrapper.cfbundle; includeInIndex = 0; path = MALCOUITests.xctest; sourceTree = BUILT_PRODUCTS_DIR; };
		7A9FDA8725CBF8CF002C2233 /* MALCOUITests.swift */ = {isa = PBXFileReference; lastKnownFileType = sourcecode.swift; path = MALCOUITests.swift; sourceTree = "<group>"; };
		7A9FDA8925CBF8CF002C2233 /* Info.plist */ = {isa = PBXFileReference; lastKnownFileType = text.plist.xml; path = Info.plist; sourceTree = "<group>"; };
/* End PBXFileReference section */

/* Begin PBXFrameworksBuildPhase section */
		7A9FDA5C25CBF8CD002C2233 /* Frameworks */ = {
			isa = PBXFrameworksBuildPhase;
			buildActionMask = 2147483647;
			files = (
			);
			runOnlyForDeploymentPostprocessing = 0;
		};
		7A9FDA7525CBF8CE002C2233 /* Frameworks */ = {
			isa = PBXFrameworksBuildPhase;
			buildActionMask = 2147483647;
			files = (
			);
			runOnlyForDeploymentPostprocessing = 0;
		};
		7A9FDA8025CBF8CE002C2233 /* Frameworks */ = {
			isa = PBXFrameworksBuildPhase;
			buildActionMask = 2147483647;
			files = (
			);
			runOnlyForDeploymentPostprocessing = 0;
		};
/* End PBXFrameworksBuildPhase section */

/* Begin PBXGroup section */
		7A9FDA5625CBF8CD002C2233 = {
			isa = PBXGroup;
			children = (
				7A9FDA6125CBF8CD002C2233 /* MALCO */,
				7A9FDA7B25CBF8CE002C2233 /* MALCOTests */,
				7A9FDA8625CBF8CF002C2233 /* MALCOUITests */,
				7A9FDA6025CBF8CD002C2233 /* Products */,
			);
			sourceTree = "<group>";
		};
		7A9FDA6025CBF8CD002C2233 /* Products */ = {
			isa = PBXGroup;
			children = (
				7A9FDA5F25CBF8CD002C2233 /* MALCO.app */,
				7A9FDA7825CBF8CE002C2233 /* MALCOTests.xctest */,
				7A9FDA8325CBF8CF002C2233 /* MALCOUITests.xctest */,
			);
			name = Products;
			sourceTree = "<group>";
		};
		7A9FDA6125CBF8CD002C2233 /* MALCO */ = {
			isa = PBXGroup;
			children = (
				7A9FDA6225CBF8CD002C2233 /* AppDelegate.swift */,
				7A9FDA6425CBF8CD002C2233 /* SceneDelegate.swift */,
				7A9FDA6625CBF8CD002C2233 /* ViewController.swift */,
				7A9FDA6825CBF8CD002C2233 /* Main.storyboard */,
				7A9FDA6E25CBF8CE002C2233 /* Assets.xcassets */,
				7A9FDA7025CBF8CE002C2233 /* LaunchScreen.storyboard */,
				7A9FDA7325CBF8CE002C2233 /* Info.plist */,
				7A9FDA6B25CBF8CD002C2233 /* MALCO.xcdatamodeld */,
			);
			path = MALCO;
			sourceTree = "<group>";
		};
		7A9FDA7B25CBF8CE002C2233 /* MALCOTests */ = {
			isa = PBXGroup;
			children = (
				7A9FDA7C25CBF8CE002C2233 /* MALCOTests.swift */,
				7A9FDA7E25CBF8CE002C2233 /* Info.plist */,
			);
			path = MALCOTests;
			sourceTree = "<group>";
		};
		7A9FDA8625CBF8CF002C2233 /* MALCOUITests */ = {
			isa = PBXGroup;
			children = (
				7A9FDA8725CBF8CF002C2233 /* MALCOUITests.swift */,
				7A9FDA8925CBF8CF002C2233 /* Info.plist */,
			);
			path = MALCOUITests;
			sourceTree = "<group>";
		};
/* End PBXGroup section */

/* Begin PBXNativeTarget section */
		7A9FDA5E25CBF8CD002C2233 /* MALCO */ = {
			isa = PBXNativeTarget;
			buildConfigurationList = 7A9FDA8C25CBF8CF002C2233 /* Build configuration list for PBXNativeTarget "MALCO" */;
			buildPhases = (
				7A9FDA5B25CBF8CD002C2233 /* Sources */,
				7A9FDA5C25CBF8CD002C2233 /* Frameworks */,
				7A9FDA5D25CBF8CD002C2233 /* Resources */,
			);
			buildRules = (
			);
			dependencies = (
			);
			name = MALCO;
			productName = MALCO;
			productReference = 7A9FDA5F25CBF8CD002C2233 /* MALCO.app */;
			productType = "com.apple.product-type.application";
		};
		7A9FDA7725CBF8CE002C2233 /* MALCOTests */ = {
			isa = PBXNativeTarget;
			buildConfigurationList = 7A9FDA8F25CBF8CF002C2233 /* Build configuration list for PBXNativeTarget "MALCOTests" */;
			buildPhases = (
				7A9FDA7425CBF8CE002C2233 /* Sources */,
				7A9FDA7525CBF8CE002C2233 /* Frameworks */,
				7A9FDA7625CBF8CE002C2233 /* Resources */,
			);
			buildRules = (
			);
			dependencies = (
				7A9FDA7A25CBF8CE002C2233 /* PBXTargetDependency */,
			);
			name = MALCOTests;
			productName = MALCOTests;
			productReference = 7A9FDA7825CBF8CE002C2233 /* MALCOTests.xctest */;
			productType = "com.apple.product-type.bundle.unit-test";
		};
		7A9FDA8225CBF8CE002C2233 /* MALCOUITests */ = {
			isa = PBXNativeTarget;
			buildConfigurationList = 7A9FDA9225CBF8CF002C2233 /* Build configuration list for PBXNativeTarget "MALCOUITests" */;
			buildPhases = (
				7A9FDA7F25CBF8CE002C2233 /* Sources */,
				7A9FDA8025CBF8CE002C2233 /* Frameworks */,
				7A9FDA8125CBF8CE002C2233 /* Resources */,
			);
			buildRules = (
			);
			dependencies = (
				7A9FDA8525CBF8CF002C2233 /* PBXTargetDependency */,
			);
			name = MALCOUITests;
			productName = MALCOUITests;
			productReference = 7A9FDA8325CBF8CF002C2233 /* MALCOUITests.xctest */;
			productType = "com.apple.product-type.bundle.ui-testing";
		};
/* End PBXNativeTarget section */

/* Begin PBXProject section */
		7A9FDA5725CBF8CD002C2233 /* Project object */ = {
			isa = PBXProject;
			attributes = {
				LastSwiftUpdateCheck = 1230;
				LastUpgradeCheck = 1230;
				TargetAttributes = {
					7A9FDA5E25CBF8CD002C2233 = {
						CreatedOnToolsVersion = 12.3;
					};
					7A9FDA7725CBF8CE002C2233 = {
						CreatedOnToolsVersion = 12.3;
						TestTargetID = 7A9FDA5E25CBF8CD002C2233;
					};
					7A9FDA8225CBF8CE002C2233 = {
						CreatedOnToolsVersion = 12.3;
						TestTargetID = 7A9FDA5E25CBF8CD002C2233;
					};
				};
			};
			buildConfigurationList = 7A9FDA5A25CBF8CD002C2233 /* Build configuration list for PBXProject "MALCO" */;
			compatibilityVersion = "Xcode 9.3";
			developmentRegion = en;
			hasScannedForEncodings = 0;
			knownRegions = (
				en,
				Base,
			);
			mainGroup = 7A9FDA5625CBF8CD002C2233;
			productRefGroup = 7A9FDA6025CBF8CD002C2233 /* Products */;
			projectDirPath = "";
			projectRoot = "";
			targets = (
				7A9FDA5E25CBF8CD002C2233 /* MALCO */,
				7A9FDA7725CBF8CE002C2233 /* MALCOTests */,
				7A9FDA8225CBF8CE002C2233 /* MALCOUITests */,
			);
		};
/* End PBXProject section */

/* Begin PBXResourcesBuildPhase section */
		7A9FDA5D25CBF8CD002C2233 /* Resources */ = {
			isa = PBXResourcesBuildPhase;
			buildActionMask = 2147483647;
			files = (
				7A9FDA7225CBF8CE002C2233 /* LaunchScreen.storyboard in Resources */,
				7A9FDA6F25CBF8CE002C2233 /* Assets.xcassets in Resources */,
				7A9FDA6A25CBF8CD002C2233 /* Main.storyboard in Resources */,
			);
			runOnlyForDeploymentPostprocessing = 0;
		};
		7A9FDA7625CBF8CE002C2233 /* Resources */ = {
			isa = PBXResourcesBuildPhase;
			buildActionMask = 2147483647;
			files = (
			);
			runOnlyForDeploymentPostprocessing = 0;
		};
		7A9FDA8125CBF8CE002C2233 /* Resources */ = {
			isa = PBXResourcesBuildPhase;
			buildActionMask = 2147483647;
			files = (
			);
			runOnlyForDeploymentPostprocessing = 0;
		};
/* End PBXResourcesBuildPhase section */

/* Begin PBXSourcesBuildPhase section */
		7A9FDA5B25CBF8CD002C2233 /* Sources */ = {
			isa = PBXSourcesBuildPhase;
			buildActionMask = 2147483647;
			files = (
				7A9FDA6725CBF8CD002C2233 /* ViewController.swift in Sources */,
				7A9FDA6325CBF8CD002C2233 /* AppDelegate.swift in Sources */,
				7A9FDA6D25CBF8CD002C2233 /* MALCO.xcdatamodeld in Sources */,
				7A9FDA6525CBF8CD002C2233 /* SceneDelegate.swift in Sources */,
			);
			runOnlyForDeploymentPostprocessing = 0;
		};
		7A9FDA7425CBF8CE002C2233 /* Sources */ = {
			isa = PBXSourcesBuildPhase;
			buildActionMask = 2147483647;
			files = (
				7A9FDA7D25CBF8CE002C2233 /* MALCOTests.swift in Sources */,
			);
			runOnlyForDeploymentPostprocessing = 0;
		};
		7A9FDA7F25CBF8CE002C2233 /* Sources */ = {
			isa = PBXSourcesBuildPhase;
			buildActionMask = 2147483647;
			files = (
				7A9FDA8825CBF8CF002C2233 /* MALCOUITests.swift in Sources */,
			);
			runOnlyForDeploymentPostprocessing = 0;
		};
/* End PBXSourcesBuildPhase section */

/* Begin PBXTargetDependency section */
		7A9FDA7A25CBF8CE002C2233 /* PBXTargetDependency */ = {
			isa = PBXTargetDependency;
			target = 7A9FDA5E25CBF8CD002C2233 /* MALCO */;
			targetProxy = 7A9FDA7925CBF8CE002C2233 /* PBXContainerItemProxy */;
		};
		7A9FDA8525CBF8CF002C2233 /* PBXTargetDependency */ = {
			isa = PBXTargetDependency;
			target = 7A9FDA5E25CBF8CD002C2233 /* MALCO */;
			targetProxy = 7A9FDA8425CBF8CF002C2233 /* PBXContainerItemProxy */;
		};
/* End PBXTargetDependency section */

/* Begin PBXVariantGroup section */
		7A9FDA6825CBF8CD002C2233 /* Main.storyboard */ = {
			isa = PBXVariantGroup;
			children = (
				7A9FDA6925CBF8CD002C2233 /* Base */,
			);
			name = Main.storyboard;
			sourceTree = "<group>";
		};
		7A9FDA7025CBF8CE002C2233 /* LaunchScreen.storyboard */ = {
			isa = PBXVariantGroup;
			children = (
				7A9FDA7125CBF8CE002C2233 /* Base */,
			);
			name = LaunchScreen.storyboard;
			sourceTree = "<group>";
		};
/* End PBXVariantGroup section */

/* Begin XCBuildConfiguration section */
		7A9FDA8A25CBF8CF002C2233 /* Debug */ = {
			isa = XCBuildConfiguration;
			buildSettings = {
				ALWAYS_SEARCH_USER_PATHS = NO;
				CLANG_ANALYZER_NONNULL = YES;
				CLANG_ANALYZER_NUMBER_OBJECT_CONVERSION = YES_AGGRESSIVE;
				CLANG_CXX_LANGUAGE_STANDARD = "gnu++14";
				CLANG_CXX_LIBRARY = "libc++";
				CLANG_ENABLE_MODULES = YES;
				CLANG_ENABLE_OBJC_ARC = YES;
				CLANG_ENABLE_OBJC_WEAK = YES;
				CLANG_WARN_BLOCK_CAPTURE_AUTORELEASING = YES;
				CLANG_WARN_BOOL_CONVERSION = YES;
				CLANG_WARN_COMMA = YES;
				CLANG_WARN_CONSTANT_CONVERSION = YES;
				CLANG_WARN_DEPRECATED_OBJC_IMPLEMENTATIONS = YES;
				CLANG_WARN_DIRECT_OBJC_ISA_USAGE = YES_ERROR;
				CLANG_WARN_DOCUMENTATION_COMMENTS = YES;
				CLANG_WARN_EMPTY_BODY = YES;
				CLANG_WARN_ENUM_CONVERSION = YES;
				CLANG_WARN_INFINITE_RECURSION = YES;
				CLANG_WARN_INT_CONVERSION = YES;
				CLANG_WARN_NON_LITERAL_NULL_CONVERSION = YES;
				CLANG_WARN_OBJC_IMPLICIT_RETAIN_SELF = YES;
				CLANG_WARN_OBJC_LITERAL_CONVERSION = YES;
				CLANG_WARN_OBJC_ROOT_CLASS = YES_ERROR;
				CLANG_WARN_QUOTED_INCLUDE_IN_FRAMEWORK_HEADER = YES;
				CLANG_WARN_RANGE_LOOP_ANALYSIS = YES;
				CLANG_WARN_STRICT_PROTOTYPES = YES;
				CLANG_WARN_SUSPICIOUS_MOVE = YES;
				CLANG_WARN_UNGUARDED_AVAILABILITY = YES_AGGRESSIVE;
				CLANG_WARN_UNREACHABLE_CODE = YES;
				CLANG_WARN__DUPLICATE_METHOD_MATCH = YES;
				COPY_PHASE_STRIP = NO;
				DEBUG_INFORMATION_FORMAT = dwarf;
				ENABLE_STRICT_OBJC_MSGSEND = YES;
				ENABLE_TESTABILITY = YES;
				GCC_C_LANGUAGE_STANDARD = gnu11;
				GCC_DYNAMIC_NO_PIC = NO;
				GCC_NO_COMMON_BLOCKS = YES;
				GCC_OPTIMIZATION_LEVEL = 0;
				GCC_PREPROCESSOR_DEFINITIONS = (
					"DEBUG=1",
					"$(inherited)",
				);
				GCC_WARN_64_TO_32_BIT_CONVERSION = YES;
				GCC_WARN_ABOUT_RETURN_TYPE = YES_ERROR;
				GCC_WARN_UNDECLARED_SELECTOR = YES;
				GCC_WARN_UNINITIALIZED_AUTOS = YES_AGGRESSIVE;
				GCC_WARN_UNUSED_FUNCTION = YES;
				GCC_WARN_UNUSED_VARIABLE = YES;
				IPHONEOS_DEPLOYMENT_TARGET = 14.3;
				MTL_ENABLE_DEBUG_INFO = INCLUDE_SOURCE;
				MTL_FAST_MATH = YES;
				ONLY_ACTIVE_ARCH = YES;
				SDKROOT = iphoneos;
				SWIFT_ACTIVE_COMPILATION_CONDITIONS = DEBUG;
				SWIFT_OPTIMIZATION_LEVEL = "-Onone";
			};
			name = Debug;
		};
		7A9FDA8B25CBF8CF002C2233 /* Release */ = {
			isa = XCBuildConfiguration;
			buildSettings = {
				ALWAYS_SEARCH_USER_PATHS = NO;
				CLANG_ANALYZER_NONNULL = YES;
				CLANG_ANALYZER_NUMBER_OBJECT_CONVERSION = YES_AGGRESSIVE;
				CLANG_CXX_LANGUAGE_STANDARD = "gnu++14";
				CLANG_CXX_LIBRARY = "libc++";
				CLANG_ENABLE_MODULES = YES;
				CLANG_ENABLE_OBJC_ARC = YES;
				CLANG_ENABLE_OBJC_WEAK = YES;
				CLANG_WARN_BLOCK_CAPTURE_AUTORELEASING = YES;
				CLANG_WARN_BOOL_CONVERSION = YES;
				CLANG_WARN_COMMA = YES;
				CLANG_WARN_CONSTANT_CONVERSION = YES;
				CLANG_WARN_DEPRECATED_OBJC_IMPLEMENTATIONS = YES;
				CLANG_WARN_DIRECT_OBJC_ISA_USAGE = YES_ERROR;
				CLANG_WARN_DOCUMENTATION_COMMENTS = YES;
				CLANG_WARN_EMPTY_BODY = YES;
				CLANG_WARN_ENUM_CONVERSION = YES;
				CLANG_WARN_INFINITE_RECURSION = YES;
				CLANG_WARN_INT_CONVERSION = YES;
				CLANG_WARN_NON_LITERAL_NULL_CONVERSION = YES;
				CLANG_WARN_OBJC_IMPLICIT_RETAIN_SELF = YES;
				CLANG_WARN_OBJC_LITERAL_CONVERSION = YES;
				CLANG_WARN_OBJC_ROOT_CLASS = YES_ERROR;
				CLANG_WARN_QUOTED_INCLUDE_IN_FRAMEWORK_HEADER = YES;
				CLANG_WARN_RANGE_LOOP_ANALYSIS = YES;
				CLANG_WARN_STRICT_PROTOTYPES = YES;
				CLANG_WARN_SUSPICIOUS_MOVE = YES;
				CLANG_WARN_UNGUARDED_AVAILABILITY = YES_AGGRESSIVE;
				CLANG_WARN_UNREACHABLE_CODE = YES;
				CLANG_WARN__DUPLICATE_METHOD_MATCH = YES;
				COPY_PHASE_STRIP = NO;
				DEBUG_INFORMATION_FORMAT = "dwarf-with-dsym";
				ENABLE_NS_ASSERTIONS = NO;
				ENABLE_STRICT_OBJC_MSGSEND = YES;
				GCC_C_LANGUAGE_STANDARD = gnu11;
				GCC_NO_COMMON_BLOCKS = YES;
				GCC_WARN_64_TO_32_BIT_CONVERSION = YES;
				GCC_WARN_ABOUT_RETURN_TYPE = YES_ERROR;
				GCC_WARN_UNDECLARED_SELECTOR = YES;
				GCC_WARN_UNINITIALIZED_AUTOS = YES_AGGRESSIVE;
				GCC_WARN_UNUSED_FUNCTION = YES;
				GCC_WARN_UNUSED_VARIABLE = YES;
				IPHONEOS_DEPLOYMENT_TARGET = 14.3;
				MTL_ENABLE_DEBUG_INFO = NO;
				MTL_FAST_MATH = YES;
				SDKROOT = iphoneos;
				SWIFT_COMPILATION_MODE = wholemodule;
				SWIFT_OPTIMIZATION_LEVEL = "-O";
				VALIDATE_PRODUCT = YES;
			};
			name = Release;
		};
		7A9FDA8D25CBF8CF002C2233 /* Debug */ = {
			isa = XCBuildConfiguration;
			buildSettings = {
				ASSETCATALOG_COMPILER_APPICON_NAME = AppIcon;
				ASSETCATALOG_COMPILER_GLOBAL_ACCENT_COLOR_NAME = AccentColor;
				CODE_SIGN_STYLE = Automatic;
				DEVELOPMENT_TEAM = 4DKEX8NYQS;
				INFOPLIST_FILE = MALCO/Info.plist;
				LD_RUNPATH_SEARCH_PATHS = (
					"$(inherited)",
					"@executable_path/Frameworks",
				);
				PRODUCT_BUNDLE_IDENTIFIER = com.MS.MALCO;
				PRODUCT_NAME = "$(TARGET_NAME)";
				SWIFT_VERSION = 5.0;
				TARGETED_DEVICE_FAMILY = "1,2";
			};
			name = Debug;
		};
		7A9FDA8E25CBF8CF002C2233 /* Release */ = {
			isa = XCBuildConfiguration;
			buildSettings = {
				ASSETCATALOG_COMPILER_APPICON_NAME = AppIcon;
				ASSETCATALOG_COMPILER_GLOBAL_ACCENT_COLOR_NAME = AccentColor;
				CODE_SIGN_STYLE = Automatic;
				DEVELOPMENT_TEAM = 4DKEX8NYQS;
				INFOPLIST_FILE = MALCO/Info.plist;
				LD_RUNPATH_SEARCH_PATHS = (
					"$(inherited)",
					"@executable_path/Frameworks",
				);
				PRODUCT_BUNDLE_IDENTIFIER = com.MS.MALCO;
				PRODUCT_NAME = "$(TARGET_NAME)";
				SWIFT_VERSION = 5.0;
				TARGETED_DEVICE_FAMILY = "1,2";
			};
			name = Release;
		};
		7A9FDA9025CBF8CF002C2233 /* Debug */ = {
			isa = XCBuildConfiguration;
			buildSettings = {
				ALWAYS_EMBED_SWIFT_STANDARD_LIBRARIES = YES;
				BUNDLE_LOADER = "$(TEST_HOST)";
				CODE_SIGN_STYLE = Automatic;
				DEVELOPMENT_TEAM = 4DKEX8NYQS;
				INFOPLIST_FILE = MALCOTests/Info.plist;
				IPHONEOS_DEPLOYMENT_TARGET = 14.3;
				LD_RUNPATH_SEARCH_PATHS = (
					"$(inherited)",
					"@executable_path/Frameworks",
					"@loader_path/Frameworks",
				);
				PRODUCT_BUNDLE_IDENTIFIER = com.MS.MALCOTests;
				PRODUCT_NAME = "$(TARGET_NAME)";
				SWIFT_VERSION = 5.0;
				TARGETED_DEVICE_FAMILY = "1,2";
				TEST_HOST = "$(BUILT_PRODUCTS_DIR)/MALCO.app/MALCO";
			};
			name = Debug;
		};
		7A9FDA9125CBF8CF002C2233 /* Release */ = {
			isa = XCBuildConfiguration;
			buildSettings = {
				ALWAYS_EMBED_SWIFT_STANDARD_LIBRARIES = YES;
				BUNDLE_LOADER = "$(TEST_HOST)";
				CODE_SIGN_STYLE = Automatic;
				DEVELOPMENT_TEAM = 4DKEX8NYQS;
				INFOPLIST_FILE = MALCOTests/Info.plist;
				IPHONEOS_DEPLOYMENT_TARGET = 14.3;
				LD_RUNPATH_SEARCH_PATHS = (
					"$(inherited)",
					"@executable_path/Frameworks",
					"@loader_path/Frameworks",
				);
				PRODUCT_BUNDLE_IDENTIFIER = com.MS.MALCOTests;
				PRODUCT_NAME = "$(TARGET_NAME)";
				SWIFT_VERSION = 5.0;
				TARGETED_DEVICE_FAMILY = "1,2";
				TEST_HOST = "$(BUILT_PRODUCTS_DIR)/MALCO.app/MALCO";
			};
			name = Release;
		};
		7A9FDA9325CBF8CF002C2233 /* Debug */ = {
			isa = XCBuildConfiguration;
			buildSettings = {
				ALWAYS_EMBED_SWIFT_STANDARD_LIBRARIES = YES;
				CODE_SIGN_STYLE = Automatic;
				DEVELOPMENT_TEAM = 4DKEX8NYQS;
				INFOPLIST_FILE = MALCOUITests/Info.plist;
				LD_RUNPATH_SEARCH_PATHS = (
					"$(inherited)",
					"@executable_path/Frameworks",
					"@loader_path/Frameworks",
				);
				PRODUCT_BUNDLE_IDENTIFIER = com.MS.MALCOUITests;
				PRODUCT_NAME = "$(TARGET_NAME)";
				SWIFT_VERSION = 5.0;
				TARGETED_DEVICE_FAMILY = "1,2";
				TEST_TARGET_NAME = MALCO;
			};
			name = Debug;
		};
		7A9FDA9425CBF8CF002C2233 /* Release */ = {
			isa = XCBuildConfiguration;
			buildSettings = {
				ALWAYS_EMBED_SWIFT_STANDARD_LIBRARIES = YES;
				CODE_SIGN_STYLE = Automatic;
				DEVELOPMENT_TEAM = 4DKEX8NYQS;
				INFOPLIST_FILE = MALCOUITests/Info.plist;
				LD_RUNPATH_SEARCH_PATHS = (
					"$(inherited)",
					"@executable_path/Frameworks",
					"@loader_path/Frameworks",
				);
				PRODUCT_BUNDLE_IDENTIFIER = com.MS.MALCOUITests;
				PRODUCT_NAME = "$(TARGET_NAME)";
				SWIFT_VERSION = 5.0;
				TARGETED_DEVICE_FAMILY = "1,2";
				TEST_TARGET_NAME = MALCO;
			};
			name = Release;
		};
/* End XCBuildConfiguration section */

/* Begin XCConfigurationList section */
		7A9FDA5A25CBF8CD002C2233 /* Build configuration list for PBXProject "MALCO" */ = {
			isa = XCConfigurationList;
			buildConfigurations = (
				7A9FDA8A25CBF8CF002C2233 /* Debug */,
				7A9FDA8B25CBF8CF002C2233 /* Release */,
			);
			defaultConfigurationIsVisible = 0;
			defaultConfigurationName = Release;
		};
		7A9FDA8C25CBF8CF002C2233 /* Build configuration list for PBXNativeTarget "MALCO" */ = {
			isa = XCConfigurationList;
			buildConfigurations = (
				7A9FDA8D25CBF8CF002C2233 /* Debug */,
				7A9FDA8E25CBF8CF002C2233 /* Release */,
			);
			defaultConfigurationIsVisible = 0;
			defaultConfigurationName = Release;
		};
		7A9FDA8F25CBF8CF002C2233 /* Build configuration list for PBXNativeTarget "MALCOTests" */ = {
			isa = XCConfigurationList;
			buildConfigurations = (
				7A9FDA9025CBF8CF002C2233 /* Debug */,
				7A9FDA9125CBF8CF002C2233 /* Release */,
			);
			defaultConfigurationIsVisible = 0;
			defaultConfigurationName = Release;
		};
		7A9FDA9225CBF8CF002C2233 /* Build configuration list for PBXNativeTarget "MALCOUITests" */ = {
			isa = XCConfigurationList;
			buildConfigurations = (
				7A9FDA9325CBF8CF002C2233 /* Debug */,
				7A9FDA9425CBF8CF002C2233 /* Release */,
			);
			defaultConfigurationIsVisible = 0;
			defaultConfigurationName = Release;
		};
/* End XCConfigurationList section */

/* Begin XCVersionGroup section */
		7A9FDA6B25CBF8CD002C2233 /* MALCO.xcdatamodeld */ = {
			isa = XCVersionGroup;
			children = (
				7A9FDA6C25CBF8CD002C2233 /* MALCO.xcdatamodel */,
			);
			currentVersion = 7A9FDA6C25CBF8CD002C2233 /* MALCO.xcdatamodel */;
			path = MALCO.xcdatamodeld;
			sourceTree = "<group>";
			versionGroupType = wrapper.xcdatamodel;
		};
/* End XCVersionGroup section */
	};
	rootObject = 7A9FDA5725CBF8CD002C2233 /* Project object */;
}
